
Microsoft Visual Studio Solution File, Format Version 12.00
# Visual Studio Version 16
VisualStudioVersion = 16.0.30114.105
MinimumVisualStudioVersion = 10.0.40219.1
Project("{FAE04EC0-301F-11D3-BF4B-00C04F79EFBC}") = "Generics", "Generics\Generics.csproj", "{62625305-62C2-4D6B-91F4-D206A4765A4A}"
EndProject
Global
	GlobalSection(SolutionConfigurationPlatforms) = preSolution
		Debug|Any CPU = Debug|Any CPU
		Release|Any CPU = Release|Any CPU
	EndGlobalSection
	GlobalSection(ProjectConfigurationPlatforms) = postSolution
		{62625305-62C2-4D6B-91F4-D206A4765A4A}.Debug|Any CPU.ActiveCfg = Debug|Any CPU
		{62625305-62C2-4D6B-91F4-D206A4765A4A}.Debug|Any CPU.Build.0 = Debug|Any CPU
		{62625305-62C2-4D6B-91F4-D206A4765A4A}.Release|Any CPU.ActiveCfg = Release|Any CPU
		{62625305-62C2-4D6B-91F4-D206A4765A4A}.Release|Any CPU.Build.0 = Release|Any CPU
	EndGlobalSection
	GlobalSection(SolutionProperties) = preSolution
		HideSolutionNode = FALSE
	EndGlobalSection
	GlobalSection(ExtensibilityGlobals) = postSolution
		SolutionGuid = {08C2146B-D6E3-498D-9967-A5F0F4545D9E}
	EndGlobalSection
EndGlobal
